
Microsoft Visual Studio Solution File, Format Version 12.00
# Visual Studio 15
VisualStudioVersion = 15.0.27130.2020
MinimumVisualStudioVersion = 10.0.40219.1
Project("{FAE04EC0-301F-11D3-BF4B-00C04F79EFBC}") = "BitWebKlient", "BitWebKlient\BitWebKlient.csproj", "{84E191CF-3609-4066-A0AF-E09338ED915C}"
EndProject
Global
	GlobalSection(SolutionConfigurationPlatforms) = preSolution
		Debug|Any CPU = Debug|Any CPU
		Release|Any CPU = Release|Any CPU
	EndGlobalSection
	GlobalSection(ProjectConfigurationPlatforms) = postSolution
		{84E191CF-3609-4066-A0AF-E09338ED915C}.Debug|Any CPU.ActiveCfg = Debug|Any CPU
		{84E191CF-3609-4066-A0AF-E09338ED915C}.Debug|Any CPU.Build.0 = Debug|Any CPU
		{84E191CF-3609-4066-A0AF-E09338ED915C}.Release|Any CPU.ActiveCfg = Release|Any CPU
		{84E191CF-3609-4066-A0AF-E09338ED915C}.Release|Any CPU.Build.0 = Release|Any CPU
	EndGlobalSection
	GlobalSection(SolutionProperties) = preSolution
		HideSolutionNode = FALSE
	EndGlobalSection
	GlobalSection(ExtensibilityGlobals) = postSolution
		SolutionGuid = {B9FA88C7-68E9-4F31-B52F-719F524E260B}
	EndGlobalSection
EndGlobal
